<?xml version="1.0" encoding="utf-8"?>
<Project ToolsVersion="4.0" xmlns="http://schemas.microsoft.com/developer/msbuild/2003">
  <ItemGroup>
    <Filter Include="Source Files">
      <UniqueIdentifier>{4FC737F1-C7A5-4376-A066-2A32D752A2FF}</UniqueIdentifier>
      <Extensions>cpp;c;cc;cxx;def;odl;idl;hpj;bat;asm;asmx</Extensions>
    </Filter>
    <Filter Include="Header Files">
      <UniqueIdentifier>{93995380-89BD-4b04-88EB-625FBE52EBFB}</UniqueIdentifier>
      <Extensions>h;hh;hpp;hxx;hm;inl;inc;ipp;xsd</Extensions>
    </Filter>
    <Filter Include="Resource Files">
      <UniqueIdentifier>{67DA6AB6-F800-4c08-8B7A-83BB121AAD01}</UniqueIdentifier>
      <Extensions>rc;ico;cur;bmp;dlg;rc2;rct;bin;rgs;gif;jpg;jpeg;jpe;resx;tiff;tif;png;wav;mfcribbon-ms</Extensions>
    </Filter>
    <Filter Include="Header Files\Internal">
      <UniqueIdentifier>{868db4e2-0731-4551-b6ee-35cbb888e965}</UniqueIdentifier>
    </Filter>
    <Filter Include="Header Files\Meshes">
      <UniqueIdentifier>{08a0e4ce-9b63-4d97-a8c8-39a474299ff7}</UniqueIdentifier>
    </Filter>
    <Filter Include="Header Files\Textures">
      <UniqueIdentifier>{f7962d6a-1568-4e55-bf22-985c20c00719}</UniqueIdentifier>
    </Filter>
    <Filter Include="Header Files\Shaders">
      <UniqueIdentifier>{77b98dea-641f-4d0d-b546-3797647e0d32}</UniqueIdentifier>
    </Filter>
    <Filter Include="Header Files\Utilities">
      <UniqueIdentifier>{b932b832-4907-4f22-ab98-3e18c129e2ec}</UniqueIdentifier>
    </Filter>
    <Filter Include="Header Files\Core">
      <UniqueIdentifier>{c7ca8e4c-be1d-476f-aa09-fe4649c3321d}</UniqueIdentifier>
    </Filter>
    <Filter Include="Header Files\Vertex_Objects">
      <UniqueIdentifier>{e983f6ac-c680-427b-aed7-40bdbf792b3d}</UniqueIdentifier>
    </Filter>
    <Filter Include="Source Files\Internal">
      <UniqueIdentifier>{446e2d08-c558-422e-b4d4-87ddd63551c7}</UniqueIdentifier>
    </Filter>
    <Filter Include="Source Files\Vertex_Objects">
      <UniqueIdentifier>{b2b7b105-9b6a-4263-95c8-3f56269a80dc}</UniqueIdentifier>
    </Filter>
    <Filter Include="Source Files\Core">
      <UniqueIdentifier>{0f7f7a2d-13fa-40de-a348-4b2847f5a21a}</UniqueIdentifier>
    </Filter>
    <Filter Include="Source Files\Meshes">
      <UniqueIdentifier>{3a020936-a1dd-4148-873d-39b89f7522f8}</UniqueIdentifier>
    </Filter>
    <Filter Include="Source Files\Shaders">
      <UniqueIdentifier>{3a3b2b25-ac32-429d-b9af-9cac97c05b90}</UniqueIdentifier>
    </Filter>
    <Filter Include="Source Files\Textures">
      <UniqueIdentifier>{b793d71f-cda2-41b2-b01e-271acc842f7f}</UniqueIdentifier>
    </Filter>
    <Filter Include="Header Files\Models">
      <UniqueIdentifier>{88463db1-6e12-4c9f-afa2-95f5b352bf45}</UniqueIdentifier>
    </Filter>
  </ItemGroup>
  <ItemGroup>
    <ClCompile Include="..\..\code\sources\main.cpp">
      <Filter>Source Files</Filter>
    </ClCompile>
    <ClCompile Include="..\..\libraries\glad-gl-3.3-core\src\glad.c">
      <Filter>Source Files\Internal</Filter>
    </ClCompile>
    <ClCompile Include="..\..\code\sources\internal\OpenGL.cpp">
      <Filter>Source Files\Internal</Filter>
    </ClCompile>
    <ClCompile Include="..\..\code\sources\internal\Utilities.cpp">
      <Filter>Source Files\Internal</Filter>
    </ClCompile>
    <ClCompile Include="..\..\code\sources\Vertex_Buffer_Object.cpp">
      <Filter>Source Files\Vertex_Objects</Filter>
    </ClCompile>
    <ClCompile Include="..\..\code\sources\Vertex_Array_Object.cpp">
      <Filter>Source Files\Vertex_Objects</Filter>
    </ClCompile>
    <ClCompile Include="..\..\code\sources\Mesh.cpp">
      <Filter>Source Files\Meshes</Filter>
    </ClCompile>
    <ClCompile Include="..\..\code\sources\Cube.cpp">
      <Filter>Source Files\Meshes</Filter>
    </ClCompile>
    <ClCompile Include="..\..\code\sources\Material.cpp">
      <Filter>Source Files\Core</Filter>
    </ClCompile>
    <ClCompile Include="..\..\code\sources\Scene.cpp">
      <Filter>Source Files\Core</Filter>
    </ClCompile>
    <ClCompile Include="..\..\code\sources\Game.cpp">
      <Filter>Source Files\Core</Filter>
    </ClCompile>
    <ClCompile Include="..\..\code\sources\Transform.cpp">
      <Filter>Source Files\Core</Filter>
    </ClCompile>
    <ClCompile Include="..\..\code\sources\Shader_Program.cpp">
      <Filter>Source Files\Shaders</Filter>
    </ClCompile>
    <ClCompile Include="..\..\code\sources\Shader.cpp">
      <Filter>Source Files\Shaders</Filter>
    </ClCompile>
    <ClCompile Include="..\..\code\sources\Texture_Cube.cpp">
      <Filter>Source Files\Textures</Filter>
    </ClCompile>
    <ClCompile Include="..\..\code\sources\Texture_Loader.cpp">
      <Filter>Source Files\Textures</Filter>
    </ClCompile>
    <ClCompile Include="..\..\code\sources\Texture.cpp">
      <Filter>Source Files\Textures</Filter>
    </ClCompile>
    <ClCompile Include="..\..\code\sources\Skybox.cpp">
      <Filter>Source Files\Textures</Filter>
    </ClCompile>
    <ClCompile Include="..\..\code\sources\Camera.cpp">
      <Filter>Source Files\Core</Filter>
    </ClCompile>
  </ItemGroup>
  <ItemGroup>
    <ClInclude Include="..\..\code\headers\internal\Declarations.hpp">
      <Filter>Header Files\Internal</Filter>
    </ClInclude>
    <ClInclude Include="..\..\code\headers\internal\Utilities.hpp">
      <Filter>Header Files\Internal</Filter>
    </ClInclude>
    <ClInclude Include="..\..\code\headers\Cube.hpp">
      <Filter>Header Files\Meshes</Filter>
    </ClInclude>
    <ClInclude Include="..\..\code\headers\Plane.hpp">
      <Filter>Header Files\Meshes</Filter>
    </ClInclude>
    <ClInclude Include="..\..\code\headers\Texture_2D.hpp">
      <Filter>Header Files\Textures</Filter>
    </ClInclude>
    <ClInclude Include="..\..\code\headers\Shader.hpp">
      <Filter>Header Files\Shaders</Filter>
    </ClInclude>
    <ClInclude Include="..\..\code\headers\Shader_Program.hpp">
      <Filter>Header Files\Shaders</Filter>
    </ClInclude>
    <ClInclude Include="..\..\code\headers\Mesh.hpp">
      <Filter>Header Files\Meshes</Filter>
    </ClInclude>
    <ClInclude Include="..\..\code\headers\Input_Manager.hpp">
      <Filter>Header Files\Utilities</Filter>
    </ClInclude>
    <ClInclude Include="..\..\code\headers\Skybox.hpp">
      <Filter>Header Files\Textures</Filter>
    </ClInclude>
    <ClInclude Include="..\..\code\headers\Camera.hpp">
      <Filter>Header Files\Core</Filter>
    </ClInclude>
    <ClInclude Include="..\..\code\headers\Texture_Cube.hpp">
      <Filter>Header Files\Textures</Filter>
    </ClInclude>
    <ClInclude Include="..\..\code\headers\Game.hpp">
      <Filter>Header Files\Core</Filter>
    </ClInclude>
    <ClInclude Include="..\..\code\headers\Scene.hpp">
      <Filter>Header Files\Core</Filter>
    </ClInclude>
    <ClInclude Include="..\..\code\headers\Renderer.hpp">
      <Filter>Header Files\Core</Filter>
    </ClInclude>
    <ClInclude Include="..\..\code\headers\Vertex_Array_Object.hpp">
      <Filter>Header Files\Vertex_Objects</Filter>
    </ClInclude>
    <ClInclude Include="..\..\code\headers\Vertex_Buffer_Object.hpp">
      <Filter>Header Files\Vertex_Objects</Filter>
    </ClInclude>
    <ClInclude Include="..\..\code\headers\internal\OpenGL.hpp">
      <Filter>Header Files\Internal</Filter>
    </ClInclude>
    <ClInclude Include="..\..\code\headers\Texture_Loader.hpp">
      <Filter>Header Files\Textures</Filter>
    </ClInclude>
    <ClInclude Include="..\..\code\headers\Texture.hpp">
      <Filter>Header Files\Textures</Filter>
    </ClInclude>
    <ClInclude Include="..\..\code\headers\Transform.hpp">
      <Filter>Header Files\Core</Filter>
    </ClInclude>
    <ClInclude Include="..\..\code\headers\Entity.hpp">
      <Filter>Header Files\Core</Filter>
    </ClInclude>
    <ClInclude Include="..\..\code\headers\Drawable.hpp">
      <Filter>Header Files\Core</Filter>
    </ClInclude>
    <ClInclude Include="..\..\code\headers\Source_Code.hpp">
      <Filter>Header Files\Shaders</Filter>
    </ClInclude>
    <ClInclude Include="..\..\code\headers\Fragment_Shader.hpp">
      <Filter>Header Files\Shaders</Filter>
    </ClInclude>
    <ClInclude Include="..\..\code\headers\Vertex_Shader.hpp">
      <Filter>Header Files\Shaders</Filter>
    </ClInclude>
    <ClInclude Include="..\..\code\headers\internal\Declarations_GLM.hpp">
      <Filter>Header Files\Internal</Filter>
    </ClInclude>
    <ClInclude Include="..\..\code\headers\internal\Declarations_OpenGL.hpp">
      <Filter>Header Files\Internal</Filter>
    </ClInclude>
    <ClInclude Include="..\..\code\headers\internal\Declarations_SFML.hpp">
      <Filter>Header Files\Internal</Filter>
    </ClInclude>
    <ClInclude Include="..\..\code\headers\internal\Declarations_STD.hpp">
      <Filter>Header Files\Internal</Filter>
    </ClInclude>
    <ClInclude Include="..\..\code\headers\Vertex_Attribute_Information.hpp">
      <Filter>Header Files\Vertex_Objects</Filter>
    </ClInclude>
    <ClInclude Include="..\..\code\headers\Model.hpp">
      <Filter>Header Files\Models</Filter>
    </ClInclude>
    <ClInclude Include="..\..\code\headers\Model_Loader.hpp">
      <Filter>Header Files\Models</Filter>
    </ClInclude>
    <ClInclude Include="..\..\code\headers\Material.hpp">
      <Filter>Header Files\Shaders</Filter>
    </ClInclude>
  </ItemGroup>
</Project>